
Microsoft Visual Studio Solution File, Format Version 12.00
# Visual Studio 15
VisualStudioVersion = 15.0.28307.168
MinimumVisualStudioVersion = 10.0.40219.1
Project("{FAE04EC0-301F-11D3-BF4B-00C04F79EFBC}") = "MetaDDO", "MetaDDO\MetaDDO.csproj", "{CE1A58BA-27D7-43F6-9E98-DF40645C7A6F}"
EndProject
Global
	GlobalSection(SolutionConfigurationPlatforms) = preSolution
		Debug|Any CPU = Debug|Any CPU
		Release|Any CPU = Release|Any CPU
	EndGlobalSection
	GlobalSection(ProjectConfigurationPlatforms) = postSolution
		{CE1A58BA-27D7-43F6-9E98-DF40645C7A6F}.Debug|Any CPU.ActiveCfg = Debug|Any CPU
		{CE1A58BA-27D7-43F6-9E98-DF40645C7A6F}.Debug|Any CPU.Build.0 = Debug|Any CPU
		{CE1A58BA-27D7-43F6-9E98-DF40645C7A6F}.Release|Any CPU.ActiveCfg = Release|Any CPU
		{CE1A58BA-27D7-43F6-9E98-DF40645C7A6F}.Release|Any CPU.Build.0 = Release|Any CPU
	EndGlobalSection
	GlobalSection(SolutionProperties) = preSolution
		HideSolutionNode = FALSE
	EndGlobalSection
	GlobalSection(ExtensibilityGlobals) = postSolution
		SolutionGuid = {13438B22-3C2E-4C36-B8D9-AECF89592346}
	EndGlobalSection
EndGlobal
